# @generated - this file is auto-generated by `mise lock` https://mise.jdx.dev/dev-tools/mise-lock.html

[[tools."github:CycloneDX/cyclonedx-gomod"]]
version = "1.10.0"
backend = "github:CycloneDX/cyclonedx-gomod"

[tools."github:CycloneDX/cyclonedx-gomod"."platforms.linux-arm64"]
checksum = "sha256:b2bebbe569c39b6bd62b7a142269a8870795020ef608483c942e4b7f51f4de6b"
url = "https://github.com/CycloneDX/cyclonedx-gomod/releases/download/v1.10.0/cyclonedx-gomod_1.10.0_linux_arm64.tar.gz"
url_api = "https://api.github.com/repos/CycloneDX/cyclonedx-gomod/releases/assets/348780171"

[tools."github:CycloneDX/cyclonedx-gomod"."platforms.linux-arm64-musl"]
checksum = "sha256:b2bebbe569c39b6bd62b7a142269a8870795020ef608483c942e4b7f51f4de6b"
url = "https://github.com/CycloneDX/cyclonedx-gomod/releases/download/v1.10.0/cyclonedx-gomod_1.10.0_linux_arm64.tar.gz"
url_api = "https://api.github.com/repos/CycloneDX/cyclonedx-gomod/releases/assets/348780171"

[tools."github:CycloneDX/cyclonedx-gomod"."platforms.linux-x64"]
checksum = "sha256:5cce8ae99a5181be6a610ea5ed9ca9d596937cc04dc1a8f6f6b5e462d8c9900e"
url = "https://github.com/CycloneDX/cyclonedx-gomod/releases/download/v1.10.0/cyclonedx-gomod_1.10.0_linux_amd64.tar.gz"
url_api = "https://api.github.com/repos/CycloneDX/cyclonedx-gomod/releases/assets/348780181"

[tools."github:CycloneDX/cyclonedx-gomod"."platforms.linux-x64-musl"]
checksum = "sha256:5cce8ae99a5181be6a610ea5ed9ca9d596937cc04dc1a8f6f6b5e462d8c9900e"
url = "https://github.com/CycloneDX/cyclonedx-gomod/releases/download/v1.10.0/cyclonedx-gomod_1.10.0_linux_amd64.tar.gz"
url_api = "https://api.github.com/repos/CycloneDX/cyclonedx-gomod/releases/assets/348780181"

[tools."github:CycloneDX/cyclonedx-gomod"."platforms.macos-arm64"]
checksum = "sha256:2a8e887efb07ed4e36d7ead879a15e055b1e50d60e5d45e407f9f2a27db4dc46"
url = "https://github.com/CycloneDX/cyclonedx-gomod/releases/download/v1.10.0/cyclonedx-gomod_1.10.0_darwin_arm64.tar.gz"
url_api = "https://api.github.com/repos/CycloneDX/cyclonedx-gomod/releases/assets/348780179"

[tools."github:CycloneDX/cyclonedx-gomod"."platforms.macos-x64"]
checksum = "sha256:f4ec9f8bef518001c6d12b151cb965511d3e67fab22bed3a682f7cf4fd2f1728"
url = "https://github.com/CycloneDX/cyclonedx-gomod/releases/download/v1.10.0/cyclonedx-gomod_1.10.0_darwin_amd64.tar.gz"
url_api = "https://api.github.com/repos/CycloneDX/cyclonedx-gomod/releases/assets/348780170"

[tools."github:CycloneDX/cyclonedx-gomod"."platforms.windows-x64"]
checksum = "sha256:cec5802e64c3240c6e840a0f4e81a1b6a89b9f0d0a2bab9ad9e5aae81c2a4d7f"
url = "https://github.com/CycloneDX/cyclonedx-gomod/releases/download/v1.10.0/cyclonedx-gomod_1.10.0_windows_amd64.zip"
url_api = "https://api.github.com/repos/CycloneDX/cyclonedx-gomod/releases/assets/348780168"

[[tools."github:caarlos0/svu"]]
version = "3.4.0"
backend = "github:caarlos0/svu"

[tools."github:caarlos0/svu"."platforms.linux-arm64"]
checksum = "sha256:ba8efd1da67532b811fe2864e43a93128b0c02702d1ad3a685ad58f41923f0eb"
url = "https://github.com/caarlos0/svu/releases/download/v3.4.0/svu_3.4.0_linux_arm64.tar.gz"
url_api = "https://api.github.com/repos/caarlos0/svu/releases/assets/364119349"
provenance = "github-attestations"

[tools."github:caarlos0/svu"."platforms.linux-arm64-musl"]
checksum = "sha256:ba8efd1da67532b811fe2864e43a93128b0c02702d1ad3a685ad58f41923f0eb"
url = "https://github.com/caarlos0/svu/releases/download/v3.4.0/svu_3.4.0_linux_arm64.tar.gz"
url_api = "https://api.github.com/repos/caarlos0/svu/releases/assets/364119349"
provenance = "github-attestations"

[tools."github:caarlos0/svu"."platforms.linux-x64"]
checksum = "sha256:f9fe4f0edb7d8cf4b0ecd84dd8ffa7e36186da6c701ab5fa59cb75a100a1705e"
url = "https://github.com/caarlos0/svu/releases/download/v3.4.0/svu_3.4.0_linux_amd64.tar.gz"
url_api = "https://api.github.com/repos/caarlos0/svu/releases/assets/364119347"
provenance = "github-attestations"

[tools."github:caarlos0/svu"."platforms.linux-x64-musl"]
checksum = "sha256:f9fe4f0edb7d8cf4b0ecd84dd8ffa7e36186da6c701ab5fa59cb75a100a1705e"
url = "https://github.com/caarlos0/svu/releases/download/v3.4.0/svu_3.4.0_linux_amd64.tar.gz"
url_api = "https://api.github.com/repos/caarlos0/svu/releases/assets/364119347"
provenance = "github-attestations"

[tools."github:caarlos0/svu"."platforms.macos-arm64"]
checksum = "sha256:ef1534a5e3eddef786a8b3ae0a280fc295662e3d3f738135ecb9f6477f7c4aab"
url = "https://github.com/caarlos0/svu/releases/download/v3.4.0/svu_3.4.0_darwin_all.tar.gz"
url_api = "https://api.github.com/repos/caarlos0/svu/releases/assets/364119355"
provenance = "github-attestations"

[tools."github:caarlos0/svu"."platforms.macos-x64"]
checksum = "sha256:ef1534a5e3eddef786a8b3ae0a280fc295662e3d3f738135ecb9f6477f7c4aab"
url = "https://github.com/caarlos0/svu/releases/download/v3.4.0/svu_3.4.0_darwin_all.tar.gz"
url_api = "https://api.github.com/repos/caarlos0/svu/releases/assets/364119355"
provenance = "github-attestations"

[tools."github:caarlos0/svu"."platforms.windows-x64"]
checksum = "sha256:e0970676993787121f143d7d33b07e59eae5770c35269ceef53464144403fd2f"
url = "https://github.com/caarlos0/svu/releases/download/v3.4.0/svu_3.4.0_windows_amd64.zip"
url_api = "https://api.github.com/repos/caarlos0/svu/releases/assets/364119346"
provenance = "github-attestations"

[[tools.go]]
version = "1.26.2"
backend = "core:go"

[tools.go."platforms.linux-arm64"]
checksum = "sha256:c958a1fe1b361391db163a485e21f5f228142d6f8b584f6bef89b26f66dc5b23"
url = "https://dl.google.com/go/go1.26.2.linux-arm64.tar.gz"

[tools.go."platforms.linux-arm64-musl"]
checksum = "sha256:c958a1fe1b361391db163a485e21f5f228142d6f8b584f6bef89b26f66dc5b23"
url = "https://dl.google.com/go/go1.26.2.linux-arm64.tar.gz"

[tools.go."platforms.linux-x64"]
checksum = "sha256:990e6b4bbba816dc3ee129eaeaf4b42f17c2800b88a2166c265ac1a200262282"
url = "https://dl.google.com/go/go1.26.2.linux-amd64.tar.gz"

[tools.go."platforms.linux-x64-musl"]
checksum = "sha256:990e6b4bbba816dc3ee129eaeaf4b42f17c2800b88a2166c265ac1a200262282"
url = "https://dl.google.com/go/go1.26.2.linux-amd64.tar.gz"

[tools.go."platforms.macos-arm64"]
checksum = "sha256:32af1522bf3e3ff3975864780a429cc0b41d190ec7bf90faa661d6d64566e7af"
url = "https://dl.google.com/go/go1.26.2.darwin-arm64.tar.gz"

[tools.go."platforms.macos-x64"]
checksum = "sha256:bc3f1500d9968c36d705442d90ba91addf9271665033748b82532682e90a7966"
url = "https://dl.google.com/go/go1.26.2.darwin-amd64.tar.gz"

[tools.go."platforms.windows-x64"]
checksum = "sha256:98eb3570bade15cb826b0909338df6cc6d2cf590bc39c471142002db3832b708"
url = "https://dl.google.com/go/go1.26.2.windows-amd64.zip"

[[tools.golangci-lint]]
version = "2.11.4"
backend = "aqua:golangci/golangci-lint"

[tools.golangci-lint."platforms.linux-arm64"]
checksum = "sha256:3bcfa2e6f3d32b2bf5cd75eaa876447507025e0303698633f722a05331988db4"
url = "https://github.com/golangci/golangci-lint/releases/download/v2.11.4/golangci-lint-2.11.4-linux-arm64.tar.gz"

[tools.golangci-lint."platforms.linux-arm64-musl"]
checksum = "sha256:3bcfa2e6f3d32b2bf5cd75eaa876447507025e0303698633f722a05331988db4"
url = "https://github.com/golangci/golangci-lint/releases/download/v2.11.4/golangci-lint-2.11.4-linux-arm64.tar.gz"

[tools.golangci-lint."platforms.linux-x64"]
checksum = "sha256:200c5b7503f67b59a6743ccf32133026c174e272b930ee79aa2aa6f37aca7ef1"
url = "https://github.com/golangci/golangci-lint/releases/download/v2.11.4/golangci-lint-2.11.4-linux-amd64.tar.gz"

[tools.golangci-lint."platforms.linux-x64-musl"]
checksum = "sha256:200c5b7503f67b59a6743ccf32133026c174e272b930ee79aa2aa6f37aca7ef1"
url = "https://github.com/golangci/golangci-lint/releases/download/v2.11.4/golangci-lint-2.11.4-linux-amd64.tar.gz"

[tools.golangci-lint."platforms.macos-arm64"]
checksum = "sha256:02db2a2dae8b26812e53b0688a6f617e3ef1f489790e829ea22862cf76945675"
url = "https://github.com/golangci/golangci-lint/releases/download/v2.11.4/golangci-lint-2.11.4-darwin-arm64.tar.gz"

[tools.golangci-lint."platforms.macos-x64"]
checksum = "sha256:c900d4048db75d1edfd550fd11cf6a9b3008e7caa8e119fcddbc700412d63e60"
url = "https://github.com/golangci/golangci-lint/releases/download/v2.11.4/golangci-lint-2.11.4-darwin-amd64.tar.gz"

[tools.golangci-lint."platforms.windows-x64"]
checksum = "sha256:4932cfca5e75bf60fe1c576edf459e5e809e6644664a068185d64b84af3fad9e"
url = "https://github.com/golangci/golangci-lint/releases/download/v2.11.4/golangci-lint-2.11.4-windows-amd64.zip"

[[tools.golangci-lint-langserver]]
version = "0.0.12"
backend = "aqua:nametake/golangci-lint-langserver"

[tools.golangci-lint-langserver."platforms.linux-arm64"]
checksum = "sha256:4b1b582213978803bb215a36c88c2fbbd14e26bf15e0377c74f04dbe424c1063"
url = "https://github.com/nametake/golangci-lint-langserver/releases/download/v0.0.12/golangci-lint-langserver_Linux_arm64.tar.gz"

[tools.golangci-lint-langserver."platforms.linux-arm64-musl"]
checksum = "sha256:4b1b582213978803bb215a36c88c2fbbd14e26bf15e0377c74f04dbe424c1063"
url = "https://github.com/nametake/golangci-lint-langserver/releases/download/v0.0.12/golangci-lint-langserver_Linux_arm64.tar.gz"

[tools.golangci-lint-langserver."platforms.linux-x64"]
checksum = "sha256:7c4a200f34af3de4188a792ba676994ce5fdb181dd4731e10cd3cc501e722b28"
url = "https://github.com/nametake/golangci-lint-langserver/releases/download/v0.0.12/golangci-lint-langserver_Linux_x86_64.tar.gz"

[tools.golangci-lint-langserver."platforms.linux-x64-musl"]
checksum = "sha256:7c4a200f34af3de4188a792ba676994ce5fdb181dd4731e10cd3cc501e722b28"
url = "https://github.com/nametake/golangci-lint-langserver/releases/download/v0.0.12/golangci-lint-langserver_Linux_x86_64.tar.gz"

[tools.golangci-lint-langserver."platforms.macos-arm64"]
checksum = "sha256:e630712320bcc1c75a1584f2b46a5c7ee7b15e603bb180b8b42c2932302d2a95"
url = "https://github.com/nametake/golangci-lint-langserver/releases/download/v0.0.12/golangci-lint-langserver_Darwin_arm64.tar.gz"

[tools.golangci-lint-langserver."platforms.macos-x64"]
checksum = "sha256:3ba8589115bb1b0d5df70f8139d774120830bf9dc9f716b60f5e0fb3269c504f"
url = "https://github.com/nametake/golangci-lint-langserver/releases/download/v0.0.12/golangci-lint-langserver_Darwin_x86_64.tar.gz"

[tools.golangci-lint-langserver."platforms.windows-x64"]
checksum = "sha256:39b900b6b18bdc0328a9a58539af2bfc0bdaad9c2f217c1afa7921717d11e4d6"
url = "https://github.com/nametake/golangci-lint-langserver/releases/download/v0.0.12/golangci-lint-langserver_Windows_x86_64.zip"

[[tools.goreleaser]]
version = "2.15.3"
backend = "aqua:goreleaser/goreleaser"

[tools.goreleaser."platforms.linux-arm64"]
checksum = "sha256:646b8f36329cf1ec02af18d40e7096973f62524bdef19c3690414e390a9f757d"
url = "https://github.com/goreleaser/goreleaser/releases/download/v2.15.3/goreleaser_Linux_arm64.tar.gz"
provenance = "cosign"

[tools.goreleaser."platforms.linux-arm64-musl"]
checksum = "sha256:646b8f36329cf1ec02af18d40e7096973f62524bdef19c3690414e390a9f757d"
url = "https://github.com/goreleaser/goreleaser/releases/download/v2.15.3/goreleaser_Linux_arm64.tar.gz"
provenance = "cosign"

[tools.goreleaser."platforms.linux-x64"]
checksum = "sha256:3b24b3a1629be21a9527d2f46f08b9bbf012c52fe33395714fe2c70acee57e0f"
url = "https://github.com/goreleaser/goreleaser/releases/download/v2.15.3/goreleaser_Linux_x86_64.tar.gz"
provenance = "github-attestations"

[tools.goreleaser."platforms.linux-x64-musl"]
checksum = "sha256:3b24b3a1629be21a9527d2f46f08b9bbf012c52fe33395714fe2c70acee57e0f"
url = "https://github.com/goreleaser/goreleaser/releases/download/v2.15.3/goreleaser_Linux_x86_64.tar.gz"
provenance = "cosign"

[tools.goreleaser."platforms.macos-arm64"]
checksum = "sha256:b8525b87b2cc722efd8dc5cd2af95d9f3a6e69dcb73990131e18e1d2372cf579"
url = "https://github.com/goreleaser/goreleaser/releases/download/v2.15.3/goreleaser_Darwin_all.tar.gz"
provenance = "cosign"

[tools.goreleaser."platforms.macos-x64"]
checksum = "sha256:b8525b87b2cc722efd8dc5cd2af95d9f3a6e69dcb73990131e18e1d2372cf579"
url = "https://github.com/goreleaser/goreleaser/releases/download/v2.15.3/goreleaser_Darwin_all.tar.gz"
provenance = "cosign"

[tools.goreleaser."platforms.windows-x64"]
checksum = "sha256:8722fdebfc23e10a36356ddd59af0c1f52c4120ca847afd091bd34e09d8aae8c"
url = "https://github.com/goreleaser/goreleaser/releases/download/v2.15.3/goreleaser_Windows_x86_64.zip"
provenance = "cosign"

[[tools.hk]]
version = "1.43.0"
backend = "aqua:jdx/hk"

[tools.hk."platforms.linux-arm64"]
checksum = "sha256:f3efa8f95505178bf0ec807ce468b31ada5f7379b9089828487b0c9e67fd67b1"
url = "https://github.com/jdx/hk/releases/download/v1.43.0/hk-aarch64-unknown-linux-gnu.tar.gz"

[tools.hk."platforms.linux-arm64-musl"]
checksum = "sha256:f3efa8f95505178bf0ec807ce468b31ada5f7379b9089828487b0c9e67fd67b1"
url = "https://github.com/jdx/hk/releases/download/v1.43.0/hk-aarch64-unknown-linux-gnu.tar.gz"

[tools.hk."platforms.linux-x64"]
checksum = "sha256:66ecbba59208e591101c83148708363e0b6dc4a5df1d41e0bcdbbdd27788f999"
url = "https://github.com/jdx/hk/releases/download/v1.43.0/hk-x86_64-unknown-linux-gnu.tar.gz"

[tools.hk."platforms.linux-x64-musl"]
checksum = "sha256:66ecbba59208e591101c83148708363e0b6dc4a5df1d41e0bcdbbdd27788f999"
url = "https://github.com/jdx/hk/releases/download/v1.43.0/hk-x86_64-unknown-linux-gnu.tar.gz"

[tools.hk."platforms.macos-arm64"]
checksum = "sha256:7999590e3571b87db3b79b878afd45afc5b7a301c59ee6f28fde0056956e0aeb"
url = "https://github.com/jdx/hk/releases/download/v1.43.0/hk-aarch64-apple-darwin.tar.gz"

[tools.hk."platforms.windows-x64"]
checksum = "sha256:cf053945bb446175fa4ce1f28fd9fcf0d24b4548cf7043cdd869249c1ff69d8d"
url = "https://github.com/jdx/hk/releases/download/v1.43.0/hk-x86_64-pc-windows-msvc.zip"

[[tools.nfpm]]
version = "2.46.1"
backend = "aqua:goreleaser/nfpm"

[tools.nfpm."platforms.linux-arm64"]
checksum = "sha256:873a5187c826469b9d5e99470a1de72ca416aeba8a5779dcd01388d56124e4e4"
url = "https://github.com/goreleaser/nfpm/releases/download/v2.46.1/nfpm_2.46.1_Linux_arm64.tar.gz"
provenance = "cosign"

[tools.nfpm."platforms.linux-arm64-musl"]
checksum = "sha256:873a5187c826469b9d5e99470a1de72ca416aeba8a5779dcd01388d56124e4e4"
url = "https://github.com/goreleaser/nfpm/releases/download/v2.46.1/nfpm_2.46.1_Linux_arm64.tar.gz"
provenance = "cosign"

[tools.nfpm."platforms.linux-x64"]
checksum = "sha256:f5305aa39f0ba26ec48e10dfe28d24fea97b846875e6e2c7578eff77fe02bb53"
url = "https://github.com/goreleaser/nfpm/releases/download/v2.46.1/nfpm_2.46.1_Linux_x86_64.tar.gz"
provenance = "cosign"

[tools.nfpm."platforms.linux-x64-musl"]
checksum = "sha256:f5305aa39f0ba26ec48e10dfe28d24fea97b846875e6e2c7578eff77fe02bb53"
url = "https://github.com/goreleaser/nfpm/releases/download/v2.46.1/nfpm_2.46.1_Linux_x86_64.tar.gz"
provenance = "cosign"

[tools.nfpm."platforms.macos-arm64"]
checksum = "sha256:9b42a7f9ad8a044fc5b2e73d1488047b122056a59321a538373c7b418c7a5254"
url = "https://github.com/goreleaser/nfpm/releases/download/v2.46.1/nfpm_2.46.1_Darwin_arm64.tar.gz"
provenance = "cosign"

[tools.nfpm."platforms.macos-x64"]
checksum = "sha256:c95450b112d13c66fc648e677c8e4858a5aa8a9c14162c4f4441605c1f64baf0"
url = "https://github.com/goreleaser/nfpm/releases/download/v2.46.1/nfpm_2.46.1_Darwin_x86_64.tar.gz"
provenance = "cosign"

[tools.nfpm."platforms.windows-x64"]
checksum = "sha256:1b870021e656847aec8fc7ff51bcacf1ab8a1e3cad722994fb30d4e3c7f3f0a7"
url = "https://github.com/goreleaser/nfpm/releases/download/v2.46.1/nfpm_2.46.1_Windows_x86_64.zip"
provenance = "cosign"

[[tools."pipx:build"]]
version = "1.4.3"
backend = "pipx:build"

[[tools."pipx:hatchling"]]
version = "1.29.0"
backend = "pipx:hatchling"

[[tools.pkl]]
version = "0.31.1"
backend = "aqua:apple/pkl"

[tools.pkl."platforms.linux-arm64"]
checksum = "sha256:7ef10e743daa921fb94ae7bdb9ec6986f362bf250c55814b9ea2aeb13f2d083e"
url = "https://github.com/apple/pkl/releases/download/0.31.1/pkl-linux-aarch64"

[tools.pkl."platforms.linux-arm64-musl"]
checksum = "sha256:7ef10e743daa921fb94ae7bdb9ec6986f362bf250c55814b9ea2aeb13f2d083e"
url = "https://github.com/apple/pkl/releases/download/0.31.1/pkl-linux-aarch64"

[tools.pkl."platforms.linux-x64"]
checksum = "sha256:618f13955d755cafbfe8c9cba1d27635848cd49dbc6abffd398d2751db1231bf"
url = "https://github.com/apple/pkl/releases/download/0.31.1/pkl-linux-amd64"

[tools.pkl."platforms.linux-x64-musl"]
checksum = "sha256:618f13955d755cafbfe8c9cba1d27635848cd49dbc6abffd398d2751db1231bf"
url = "https://github.com/apple/pkl/releases/download/0.31.1/pkl-linux-amd64"

[tools.pkl."platforms.macos-arm64"]
checksum = "sha256:1b6a5438d9624cd2798a7530721bbbfa27ef72efe5c878a1b6c546c6e7ca0e8f"
url = "https://github.com/apple/pkl/releases/download/0.31.1/pkl-macos-aarch64"

[tools.pkl."platforms.macos-x64"]
checksum = "sha256:22123ed4ae4c03afa8c54c69f77f0bec39b0fa0f67b09d6d148e0a376a2a471d"
url = "https://github.com/apple/pkl/releases/download/0.31.1/pkl-macos-amd64"

[tools.pkl."platforms.windows-x64"]
checksum = "sha256:a8834481667325b44c539dbb758d7365a16389070f343c04b639bbe525ede013"
url = "https://github.com/apple/pkl/releases/download/0.31.1/pkl-windows-amd64.exe"

[[tools.python]]
version = "3.14.4"
backend = "core:python"

[tools.python."platforms.linux-arm64"]
checksum = "sha256:b8b597fdb2f8dccdc502c11947b60a4b65eb6bce79cfa60c7ccf9b6e8352c60a"
url = "https://github.com/astral-sh/python-build-standalone/releases/download/20260414/cpython-3.14.4+20260414-aarch64-unknown-linux-gnu-install_only_stripped.tar.gz"

[tools.python."platforms.linux-arm64-musl"]
checksum = "sha256:b8b597fdb2f8dccdc502c11947b60a4b65eb6bce79cfa60c7ccf9b6e8352c60a"
url = "https://github.com/astral-sh/python-build-standalone/releases/download/20260414/cpython-3.14.4+20260414-aarch64-unknown-linux-gnu-install_only_stripped.tar.gz"

[tools.python."platforms.linux-x64"]
checksum = "sha256:1510571c0bf54c17985e2cfbf38d6f2aa6b04b77bd4993e9fb2dba87a37b0597"
url = "https://github.com/astral-sh/python-build-standalone/releases/download/20260414/cpython-3.14.4+20260414-x86_64_v3-unknown-linux-gnu-install_only_stripped.tar.gz"

[tools.python."platforms.linux-x64-musl"]
checksum = "sha256:fe9a9c32d13870af632cbac3dfc7528ae53597e94472aa4c7d6a42e8166136cd"
url = "https://github.com/astral-sh/python-build-standalone/releases/download/20260414/cpython-3.14.4+20260414-x86_64-unknown-linux-gnu-install_only_stripped.tar.gz"

[tools.python."platforms.macos-arm64"]
checksum = "sha256:6f304f4ec30854611f23316578302235fb517cd970519ecdd11a8c4db87fd843"
url = "https://github.com/astral-sh/python-build-standalone/releases/download/20260414/cpython-3.14.4+20260414-aarch64-apple-darwin-install_only_stripped.tar.gz"

[tools.python."platforms.macos-x64"]
checksum = "sha256:d51250a32fa5d9f0799c7bcb71720c27b10a3afd4a7de288120f96085d508a5a"
url = "https://github.com/astral-sh/python-build-standalone/releases/download/20260414/cpython-3.14.4+20260414-x86_64-apple-darwin-install_only_stripped.tar.gz"

[tools.python."platforms.windows-x64"]
checksum = "sha256:a976991dcd085c1bb5d9a8084823a6bc8b7f9b079d8c432574a6ddd68c3a6fe1"
url = "https://github.com/astral-sh/python-build-standalone/releases/download/20260414/cpython-3.14.4+20260414-x86_64-pc-windows-msvc-install_only_stripped.tar.gz"

[[tools.ruff]]
version = "0.15.11"
backend = "aqua:astral-sh/ruff"

[tools.ruff."platforms.linux-arm64"]
checksum = "sha256:4d196496a51d4bbefc4a2a65049364c920b470afd320befa20516e59d1c065e2"
url = "https://github.com/astral-sh/ruff/releases/download/0.15.11/ruff-aarch64-unknown-linux-musl.tar.gz"

[tools.ruff."platforms.linux-arm64-musl"]
checksum = "sha256:4d196496a51d4bbefc4a2a65049364c920b470afd320befa20516e59d1c065e2"
url = "https://github.com/astral-sh/ruff/releases/download/0.15.11/ruff-aarch64-unknown-linux-musl.tar.gz"

[tools.ruff."platforms.linux-x64"]
checksum = "sha256:ea286f17b66054a3aac2672158b9ac194030d89043ff108357edd9b20123219a"
url = "https://github.com/astral-sh/ruff/releases/download/0.15.11/ruff-x86_64-unknown-linux-musl.tar.gz"
provenance = "github-attestations"

[tools.ruff."platforms.linux-x64-musl"]
checksum = "sha256:ea286f17b66054a3aac2672158b9ac194030d89043ff108357edd9b20123219a"
url = "https://github.com/astral-sh/ruff/releases/download/0.15.11/ruff-x86_64-unknown-linux-musl.tar.gz"

[tools.ruff."platforms.macos-arm64"]
checksum = "sha256:89cd4370b5c5d7ab01f436bd5d878293c9858e4e964a3da3013c49549198dc8b"
url = "https://github.com/astral-sh/ruff/releases/download/0.15.11/ruff-aarch64-apple-darwin.tar.gz"

[tools.ruff."platforms.macos-x64"]
checksum = "sha256:c6f2c36fc5f3d14ffc2db1e205aa69756de485771f39848afe848c16b8a1a648"
url = "https://github.com/astral-sh/ruff/releases/download/0.15.11/ruff-x86_64-apple-darwin.tar.gz"

[tools.ruff."platforms.windows-x64"]
checksum = "sha256:d1f76eac07c279aafc594d9ba4c6f658f7cb433002aeeadbe2959229fc368881"
url = "https://github.com/astral-sh/ruff/releases/download/0.15.11/ruff-x86_64-pc-windows-msvc.zip"

[[tools.typos]]
version = "1.45.1"
backend = "aqua:crate-ci/typos"

[tools.typos."platforms.linux-arm64"]
checksum = "sha256:0d3688c607a49ffb6dedaca6de44e4217abeaa5b93228d673dc5caf76f60489f"
url = "https://github.com/crate-ci/typos/releases/download/v1.45.1/typos-v1.45.1-aarch64-unknown-linux-musl.tar.gz"

[tools.typos."platforms.linux-arm64-musl"]
checksum = "sha256:0d3688c607a49ffb6dedaca6de44e4217abeaa5b93228d673dc5caf76f60489f"
url = "https://github.com/crate-ci/typos/releases/download/v1.45.1/typos-v1.45.1-aarch64-unknown-linux-musl.tar.gz"

[tools.typos."platforms.linux-x64"]
checksum = "sha256:33447531a0eff29796d6fb9b555b4628723db72c6bad129e168d97ac86ceb0f1"
url = "https://github.com/crate-ci/typos/releases/download/v1.45.1/typos-v1.45.1-x86_64-unknown-linux-musl.tar.gz"

[tools.typos."platforms.linux-x64-musl"]
checksum = "sha256:33447531a0eff29796d6fb9b555b4628723db72c6bad129e168d97ac86ceb0f1"
url = "https://github.com/crate-ci/typos/releases/download/v1.45.1/typos-v1.45.1-x86_64-unknown-linux-musl.tar.gz"

[tools.typos."platforms.macos-arm64"]
checksum = "sha256:2c31ed16286f26c08ae477faf001af8542ff23aeb6e7323be5f620710c192fb5"
url = "https://github.com/crate-ci/typos/releases/download/v1.45.1/typos-v1.45.1-aarch64-apple-darwin.tar.gz"

[tools.typos."platforms.macos-x64"]
checksum = "sha256:70767b5d8d920cbb17b452a6b068e36e1b3fd649089bce883d3512eb85990326"
url = "https://github.com/crate-ci/typos/releases/download/v1.45.1/typos-v1.45.1-x86_64-apple-darwin.tar.gz"

[tools.typos."platforms.windows-x64"]
checksum = "sha256:a4ae081cb7a403f2b75e8c066aa4a4484207547c4e9eb2b4df3f68ecdbc5dd3e"
url = "https://github.com/crate-ci/typos/releases/download/v1.45.1/typos-v1.45.1-x86_64-pc-windows-msvc.zip"
