# @generated - this file is auto-generated by `mise lock` https://mise.jdx.dev/dev-tools/mise-lock.html

[[tools."github:CycloneDX/cyclonedx-gomod"]]
version = "1.10.0"
backend = "github:CycloneDX/cyclonedx-gomod"

[tools."github:CycloneDX/cyclonedx-gomod"."platforms.linux-arm64"]
checksum = "sha256:b2bebbe569c39b6bd62b7a142269a8870795020ef608483c942e4b7f51f4de6b"
url = "https://github.com/CycloneDX/cyclonedx-gomod/releases/download/v1.10.0/cyclonedx-gomod_1.10.0_linux_arm64.tar.gz"
url_api = "https://api.github.com/repos/CycloneDX/cyclonedx-gomod/releases/assets/348780171"

[tools."github:CycloneDX/cyclonedx-gomod"."platforms.linux-arm64-musl"]
checksum = "sha256:b2bebbe569c39b6bd62b7a142269a8870795020ef608483c942e4b7f51f4de6b"
url = "https://github.com/CycloneDX/cyclonedx-gomod/releases/download/v1.10.0/cyclonedx-gomod_1.10.0_linux_arm64.tar.gz"
url_api = "https://api.github.com/repos/CycloneDX/cyclonedx-gomod/releases/assets/348780171"

[tools."github:CycloneDX/cyclonedx-gomod"."platforms.linux-x64"]
checksum = "sha256:5cce8ae99a5181be6a610ea5ed9ca9d596937cc04dc1a8f6f6b5e462d8c9900e"
url = "https://github.com/CycloneDX/cyclonedx-gomod/releases/download/v1.10.0/cyclonedx-gomod_1.10.0_linux_amd64.tar.gz"
url_api = "https://api.github.com/repos/CycloneDX/cyclonedx-gomod/releases/assets/348780181"

[tools."github:CycloneDX/cyclonedx-gomod"."platforms.linux-x64-musl"]
checksum = "sha256:5cce8ae99a5181be6a610ea5ed9ca9d596937cc04dc1a8f6f6b5e462d8c9900e"
url = "https://github.com/CycloneDX/cyclonedx-gomod/releases/download/v1.10.0/cyclonedx-gomod_1.10.0_linux_amd64.tar.gz"
url_api = "https://api.github.com/repos/CycloneDX/cyclonedx-gomod/releases/assets/348780181"

[tools."github:CycloneDX/cyclonedx-gomod"."platforms.macos-arm64"]
checksum = "sha256:2a8e887efb07ed4e36d7ead879a15e055b1e50d60e5d45e407f9f2a27db4dc46"
url = "https://github.com/CycloneDX/cyclonedx-gomod/releases/download/v1.10.0/cyclonedx-gomod_1.10.0_darwin_arm64.tar.gz"
url_api = "https://api.github.com/repos/CycloneDX/cyclonedx-gomod/releases/assets/348780179"

[tools."github:CycloneDX/cyclonedx-gomod"."platforms.macos-x64"]
checksum = "sha256:f4ec9f8bef518001c6d12b151cb965511d3e67fab22bed3a682f7cf4fd2f1728"
url = "https://github.com/CycloneDX/cyclonedx-gomod/releases/download/v1.10.0/cyclonedx-gomod_1.10.0_darwin_amd64.tar.gz"
url_api = "https://api.github.com/repos/CycloneDX/cyclonedx-gomod/releases/assets/348780170"

[tools."github:CycloneDX/cyclonedx-gomod"."platforms.windows-x64"]
checksum = "sha256:cec5802e64c3240c6e840a0f4e81a1b6a89b9f0d0a2bab9ad9e5aae81c2a4d7f"
url = "https://github.com/CycloneDX/cyclonedx-gomod/releases/download/v1.10.0/cyclonedx-gomod_1.10.0_windows_amd64.zip"
url_api = "https://api.github.com/repos/CycloneDX/cyclonedx-gomod/releases/assets/348780168"

[[tools."github:caarlos0/svu"]]
version = "3.4.0"
backend = "github:caarlos0/svu"

[tools."github:caarlos0/svu"."platforms.linux-arm64"]
checksum = "sha256:ba8efd1da67532b811fe2864e43a93128b0c02702d1ad3a685ad58f41923f0eb"
url = "https://github.com/caarlos0/svu/releases/download/v3.4.0/svu_3.4.0_linux_arm64.tar.gz"
url_api = "https://api.github.com/repos/caarlos0/svu/releases/assets/364119349"
provenance = "github-attestations"

[tools."github:caarlos0/svu"."platforms.linux-arm64-musl"]
checksum = "sha256:ba8efd1da67532b811fe2864e43a93128b0c02702d1ad3a685ad58f41923f0eb"
url = "https://github.com/caarlos0/svu/releases/download/v3.4.0/svu_3.4.0_linux_arm64.tar.gz"
url_api = "https://api.github.com/repos/caarlos0/svu/releases/assets/364119349"
provenance = "github-attestations"

[tools."github:caarlos0/svu"."platforms.linux-x64"]
checksum = "sha256:f9fe4f0edb7d8cf4b0ecd84dd8ffa7e36186da6c701ab5fa59cb75a100a1705e"
url = "https://github.com/caarlos0/svu/releases/download/v3.4.0/svu_3.4.0_linux_amd64.tar.gz"
url_api = "https://api.github.com/repos/caarlos0/svu/releases/assets/364119347"
provenance = "github-attestations"

[tools."github:caarlos0/svu"."platforms.linux-x64-musl"]
checksum = "sha256:f9fe4f0edb7d8cf4b0ecd84dd8ffa7e36186da6c701ab5fa59cb75a100a1705e"
url = "https://github.com/caarlos0/svu/releases/download/v3.4.0/svu_3.4.0_linux_amd64.tar.gz"
url_api = "https://api.github.com/repos/caarlos0/svu/releases/assets/364119347"
provenance = "github-attestations"

[tools."github:caarlos0/svu"."platforms.macos-arm64"]
checksum = "sha256:ef1534a5e3eddef786a8b3ae0a280fc295662e3d3f738135ecb9f6477f7c4aab"
url = "https://github.com/caarlos0/svu/releases/download/v3.4.0/svu_3.4.0_darwin_all.tar.gz"
url_api = "https://api.github.com/repos/caarlos0/svu/releases/assets/364119355"
provenance = "github-attestations"

[tools."github:caarlos0/svu"."platforms.macos-x64"]
checksum = "sha256:ef1534a5e3eddef786a8b3ae0a280fc295662e3d3f738135ecb9f6477f7c4aab"
url = "https://github.com/caarlos0/svu/releases/download/v3.4.0/svu_3.4.0_darwin_all.tar.gz"
url_api = "https://api.github.com/repos/caarlos0/svu/releases/assets/364119355"
provenance = "github-attestations"

[tools."github:caarlos0/svu"."platforms.windows-x64"]
checksum = "sha256:e0970676993787121f143d7d33b07e59eae5770c35269ceef53464144403fd2f"
url = "https://github.com/caarlos0/svu/releases/download/v3.4.0/svu_3.4.0_windows_amd64.zip"
url_api = "https://api.github.com/repos/caarlos0/svu/releases/assets/364119346"
provenance = "github-attestations"

[[tools.go]]
version = "1.26.2"
backend = "core:go"

[tools.go."platforms.linux-arm64"]
checksum = "sha256:c958a1fe1b361391db163a485e21f5f228142d6f8b584f6bef89b26f66dc5b23"
url = "https://dl.google.com/go/go1.26.2.linux-arm64.tar.gz"

[tools.go."platforms.linux-arm64-musl"]
checksum = "sha256:c958a1fe1b361391db163a485e21f5f228142d6f8b584f6bef89b26f66dc5b23"
url = "https://dl.google.com/go/go1.26.2.linux-arm64.tar.gz"

[tools.go."platforms.linux-x64"]
checksum = "sha256:990e6b4bbba816dc3ee129eaeaf4b42f17c2800b88a2166c265ac1a200262282"
url = "https://dl.google.com/go/go1.26.2.linux-amd64.tar.gz"

[tools.go."platforms.linux-x64-musl"]
checksum = "sha256:990e6b4bbba816dc3ee129eaeaf4b42f17c2800b88a2166c265ac1a200262282"
url = "https://dl.google.com/go/go1.26.2.linux-amd64.tar.gz"

[tools.go."platforms.macos-arm64"]
checksum = "sha256:32af1522bf3e3ff3975864780a429cc0b41d190ec7bf90faa661d6d64566e7af"
url = "https://dl.google.com/go/go1.26.2.darwin-arm64.tar.gz"

[tools.go."platforms.macos-x64"]
checksum = "sha256:bc3f1500d9968c36d705442d90ba91addf9271665033748b82532682e90a7966"
url = "https://dl.google.com/go/go1.26.2.darwin-amd64.tar.gz"

[tools.go."platforms.windows-x64"]
checksum = "sha256:98eb3570bade15cb826b0909338df6cc6d2cf590bc39c471142002db3832b708"
url = "https://dl.google.com/go/go1.26.2.windows-amd64.zip"

[[tools.golangci-lint]]
version = "2.11.4"
backend = "aqua:golangci/golangci-lint"

[tools.golangci-lint."platforms.linux-arm64"]
checksum = "sha256:3bcfa2e6f3d32b2bf5cd75eaa876447507025e0303698633f722a05331988db4"
url = "https://github.com/golangci/golangci-lint/releases/download/v2.11.4/golangci-lint-2.11.4-linux-arm64.tar.gz"

[tools.golangci-lint."platforms.linux-arm64-musl"]
checksum = "sha256:3bcfa2e6f3d32b2bf5cd75eaa876447507025e0303698633f722a05331988db4"
url = "https://github.com/golangci/golangci-lint/releases/download/v2.11.4/golangci-lint-2.11.4-linux-arm64.tar.gz"

[tools.golangci-lint."platforms.linux-x64"]
checksum = "sha256:200c5b7503f67b59a6743ccf32133026c174e272b930ee79aa2aa6f37aca7ef1"
url = "https://github.com/golangci/golangci-lint/releases/download/v2.11.4/golangci-lint-2.11.4-linux-amd64.tar.gz"

[tools.golangci-lint."platforms.linux-x64-musl"]
checksum = "sha256:200c5b7503f67b59a6743ccf32133026c174e272b930ee79aa2aa6f37aca7ef1"
url = "https://github.com/golangci/golangci-lint/releases/download/v2.11.4/golangci-lint-2.11.4-linux-amd64.tar.gz"

[tools.golangci-lint."platforms.macos-arm64"]
checksum = "sha256:02db2a2dae8b26812e53b0688a6f617e3ef1f489790e829ea22862cf76945675"
url = "https://github.com/golangci/golangci-lint/releases/download/v2.11.4/golangci-lint-2.11.4-darwin-arm64.tar.gz"

[tools.golangci-lint."platforms.macos-x64"]
checksum = "sha256:c900d4048db75d1edfd550fd11cf6a9b3008e7caa8e119fcddbc700412d63e60"
url = "https://github.com/golangci/golangci-lint/releases/download/v2.11.4/golangci-lint-2.11.4-darwin-amd64.tar.gz"

[tools.golangci-lint."platforms.windows-x64"]
checksum = "sha256:4932cfca5e75bf60fe1c576edf459e5e809e6644664a068185d64b84af3fad9e"
url = "https://github.com/golangci/golangci-lint/releases/download/v2.11.4/golangci-lint-2.11.4-windows-amd64.zip"

[[tools.golangci-lint-langserver]]
version = "0.0.12"
backend = "aqua:nametake/golangci-lint-langserver"

[tools.golangci-lint-langserver."platforms.linux-arm64"]
checksum = "sha256:4b1b582213978803bb215a36c88c2fbbd14e26bf15e0377c74f04dbe424c1063"
url = "https://github.com/nametake/golangci-lint-langserver/releases/download/v0.0.12/golangci-lint-langserver_Linux_arm64.tar.gz"

[tools.golangci-lint-langserver."platforms.linux-arm64-musl"]
checksum = "sha256:4b1b582213978803bb215a36c88c2fbbd14e26bf15e0377c74f04dbe424c1063"
url = "https://github.com/nametake/golangci-lint-langserver/releases/download/v0.0.12/golangci-lint-langserver_Linux_arm64.tar.gz"

[tools.golangci-lint-langserver."platforms.linux-x64"]
checksum = "sha256:7c4a200f34af3de4188a792ba676994ce5fdb181dd4731e10cd3cc501e722b28"
url = "https://github.com/nametake/golangci-lint-langserver/releases/download/v0.0.12/golangci-lint-langserver_Linux_x86_64.tar.gz"

[tools.golangci-lint-langserver."platforms.linux-x64-musl"]
checksum = "sha256:7c4a200f34af3de4188a792ba676994ce5fdb181dd4731e10cd3cc501e722b28"
url = "https://github.com/nametake/golangci-lint-langserver/releases/download/v0.0.12/golangci-lint-langserver_Linux_x86_64.tar.gz"

[tools.golangci-lint-langserver."platforms.macos-arm64"]
checksum = "sha256:e630712320bcc1c75a1584f2b46a5c7ee7b15e603bb180b8b42c2932302d2a95"
url = "https://github.com/nametake/golangci-lint-langserver/releases/download/v0.0.12/golangci-lint-langserver_Darwin_arm64.tar.gz"

[tools.golangci-lint-langserver."platforms.macos-x64"]
checksum = "sha256:3ba8589115bb1b0d5df70f8139d774120830bf9dc9f716b60f5e0fb3269c504f"
url = "https://github.com/nametake/golangci-lint-langserver/releases/download/v0.0.12/golangci-lint-langserver_Darwin_x86_64.tar.gz"

[tools.golangci-lint-langserver."platforms.windows-x64"]
checksum = "sha256:39b900b6b18bdc0328a9a58539af2bfc0bdaad9c2f217c1afa7921717d11e4d6"
url = "https://github.com/nametake/golangci-lint-langserver/releases/download/v0.0.12/golangci-lint-langserver_Windows_x86_64.zip"

[[tools.goreleaser]]
version = "2.15.2"
backend = "aqua:goreleaser/goreleaser"

[tools.goreleaser."platforms.linux-arm64"]
checksum = "sha256:5db66761a98f6693161e49e1a95d28d2673a892ba60cb4a5e16736cafd41c4c9"
url = "https://github.com/goreleaser/goreleaser/releases/download/v2.15.2/goreleaser_Linux_arm64.tar.gz"
provenance = "cosign"

[tools.goreleaser."platforms.linux-arm64-musl"]
checksum = "sha256:5db66761a98f6693161e49e1a95d28d2673a892ba60cb4a5e16736cafd41c4c9"
url = "https://github.com/goreleaser/goreleaser/releases/download/v2.15.2/goreleaser_Linux_arm64.tar.gz"
provenance = "cosign"

[tools.goreleaser."platforms.linux-x64"]
checksum = "sha256:0ebdbf0353aba566b969dde746cc4e4806f96c27aa2f3971b229a9df7611fedc"
url = "https://github.com/goreleaser/goreleaser/releases/download/v2.15.2/goreleaser_Linux_x86_64.tar.gz"
provenance = "cosign"

[tools.goreleaser."platforms.linux-x64-musl"]
checksum = "sha256:0ebdbf0353aba566b969dde746cc4e4806f96c27aa2f3971b229a9df7611fedc"
url = "https://github.com/goreleaser/goreleaser/releases/download/v2.15.2/goreleaser_Linux_x86_64.tar.gz"
provenance = "cosign"

[tools.goreleaser."platforms.macos-arm64"]
checksum = "sha256:0e6bd67688ac949780bf1166813a91f89856898ef4c40d7d46c2c74ebaa4b9ee"
url = "https://github.com/goreleaser/goreleaser/releases/download/v2.15.2/goreleaser_Darwin_all.tar.gz"
provenance = "cosign"

[tools.goreleaser."platforms.macos-x64"]
checksum = "sha256:0e6bd67688ac949780bf1166813a91f89856898ef4c40d7d46c2c74ebaa4b9ee"
url = "https://github.com/goreleaser/goreleaser/releases/download/v2.15.2/goreleaser_Darwin_all.tar.gz"
provenance = "cosign"

[tools.goreleaser."platforms.windows-x64"]
checksum = "sha256:7459832946dbe122c144f8d7f87484d8572ca005b779310aa6bb03346e8de17a"
url = "https://github.com/goreleaser/goreleaser/releases/download/v2.15.2/goreleaser_Windows_x86_64.zip"
provenance = "cosign"

[[tools.nfpm]]
version = "2.46.0"
backend = "aqua:goreleaser/nfpm"

[tools.nfpm."platforms.linux-arm64"]
checksum = "sha256:76e90a16cb96fda52d8b5c6ccf309d2a0a5eebe2cd32c5401647c41de71b6028"
url = "https://github.com/goreleaser/nfpm/releases/download/v2.46.0/nfpm_2.46.0_Linux_arm64.tar.gz"
provenance = "cosign"

[tools.nfpm."platforms.linux-arm64-musl"]
checksum = "sha256:76e90a16cb96fda52d8b5c6ccf309d2a0a5eebe2cd32c5401647c41de71b6028"
url = "https://github.com/goreleaser/nfpm/releases/download/v2.46.0/nfpm_2.46.0_Linux_arm64.tar.gz"
provenance = "cosign"

[tools.nfpm."platforms.linux-x64"]
checksum = "sha256:43b4cb72cde2d6e61c02e5b330e3276882252bf67c057e089957f9dbd2c8de42"
url = "https://github.com/goreleaser/nfpm/releases/download/v2.46.0/nfpm_2.46.0_Linux_x86_64.tar.gz"
provenance = "cosign"

[tools.nfpm."platforms.linux-x64-musl"]
checksum = "sha256:43b4cb72cde2d6e61c02e5b330e3276882252bf67c057e089957f9dbd2c8de42"
url = "https://github.com/goreleaser/nfpm/releases/download/v2.46.0/nfpm_2.46.0_Linux_x86_64.tar.gz"
provenance = "cosign"

[tools.nfpm."platforms.macos-arm64"]
checksum = "sha256:270d54e6a6caf83ed2af6c98f25cf965b0115ebf7fe8299830ad4597d1a249a8"
url = "https://github.com/goreleaser/nfpm/releases/download/v2.46.0/nfpm_2.46.0_Darwin_arm64.tar.gz"
provenance = "cosign"

[tools.nfpm."platforms.macos-x64"]
checksum = "sha256:cad209787c164de05a009c022b6903aad78ee57a53d97bcb84e875b1745fa5a3"
url = "https://github.com/goreleaser/nfpm/releases/download/v2.46.0/nfpm_2.46.0_Darwin_x86_64.tar.gz"
provenance = "cosign"

[tools.nfpm."platforms.windows-x64"]
checksum = "sha256:c58d4b24e0084e6d7e3ebbad1232c525d1a1134725b58f554eedb36ea2e67620"
url = "https://github.com/goreleaser/nfpm/releases/download/v2.46.0/nfpm_2.46.0_Windows_x86_64.zip"
provenance = "cosign"

[[tools."pipx:hatchling"]]
version = "1.29.0"
backend = "pipx:hatchling"

[[tools.python]]
version = "3.14.4"
backend = "core:python"

[tools.python."platforms.linux-arm64"]
checksum = "sha256:c84d61ae07e3b255f8bac6a28147bd373c3c1862d1d5598a9543a5b103fcb595"
url = "https://github.com/astral-sh/python-build-standalone/releases/download/20260408/cpython-3.14.4+20260408-aarch64-unknown-linux-gnu-install_only_stripped.tar.gz"

[tools.python."platforms.linux-arm64-musl"]
checksum = "sha256:c84d61ae07e3b255f8bac6a28147bd373c3c1862d1d5598a9543a5b103fcb595"
url = "https://github.com/astral-sh/python-build-standalone/releases/download/20260408/cpython-3.14.4+20260408-aarch64-unknown-linux-gnu-install_only_stripped.tar.gz"

[tools.python."platforms.linux-x64"]
checksum = "sha256:afbbab0107da1835089ed3bec8e11c742bde064d568729cd64856b0823b42217"
url = "https://github.com/astral-sh/python-build-standalone/releases/download/20260408/cpython-3.14.4+20260408-x86_64_v3-unknown-linux-gnu-install_only_stripped.tar.gz"

[tools.python."platforms.linux-x64-musl"]
checksum = "sha256:c838ac128a6e9c944b30301880472349eca8cd1abc79fb0d359ac2a358569389"
url = "https://github.com/astral-sh/python-build-standalone/releases/download/20260408/cpython-3.14.4+20260408-x86_64-unknown-linux-gnu-install_only_stripped.tar.gz"

[tools.python."platforms.macos-arm64"]
checksum = "sha256:f1ce5d79bceecbed25a37b611d6dae147b27857dda8181e3a5e29e73dd1c57c3"
url = "https://github.com/astral-sh/python-build-standalone/releases/download/20260408/cpython-3.14.4+20260408-aarch64-apple-darwin-install_only_stripped.tar.gz"

[tools.python."platforms.macos-x64"]
checksum = "sha256:1c9615f872058332b74b2be1b248078c636b6f4b116eed3e17f50eb7efe1a989"
url = "https://github.com/astral-sh/python-build-standalone/releases/download/20260408/cpython-3.14.4+20260408-x86_64-apple-darwin-install_only_stripped.tar.gz"

[tools.python."platforms.windows-x64"]
checksum = "sha256:472f4f0d91429661db1b28a72e36adc593b6bd5d19db222d7faca635b3005313"
url = "https://github.com/astral-sh/python-build-standalone/releases/download/20260408/cpython-3.14.4+20260408-x86_64-pc-windows-msvc-install_only_stripped.tar.gz"
